// !$*UTF8*$!
{
	archiveVersion = 1;
	classes = {
	};
	objectVersion = 50;
	objects = {

/* Begin PBXBuildFile section */
		0E8F9C96C0109F73ECE90967 /* libPods-XPYReader.a in Frameworks */ = {isa = PBXBuildFile; fileRef = B9286C8D3744A6AE8C3108E1 /* libPods-XPYReader.a */; };
		6C03F0CB24D93BD90070328E /* XPYReaderManagerController.m in Sources */ = {isa = PBXBuildFile; fileRef = 6C03F0CA24D93BD90070328E /* XPYReaderManagerController.m */; };
		6C03F0CE24D94C5D0070328E /* XPYDatabaseManager.mm in Sources */ = {isa = PBXBuildFile; fileRef = 6C03F0CD24D94C5D0070328E /* XPYDatabaseManager.mm */; };
		6C03F0D124D950310070328E /* XPYChapterModel.mm in Sources */ = {isa = PBXBuildFile; fileRef = 6C03F0D024D950310070328E /* XPYChapterModel.mm */; };
		6C03F0DB24DAB12F0070328E /* XPYNavigationController.m in Sources */ = {isa = PBXBuildFile; fileRef = 6C03F0DA24DAB12F0070328E /* XPYNavigationController.m */; };
		6C03F0DE24DB9B5C0070328E /* XPYReadViewController.m in Sources */ = {isa = PBXBuildFile; fileRef = 6C03F0DD24DB9B5C0070328E /* XPYReadViewController.m */; };
		6C03F0E224DB9F2A0070328E /* XPYReadView.m in Sources */ = {isa = PBXBuildFile; fileRef = 6C03F0E124DB9F2A0070328E /* XPYReadView.m */; };
		6C03F0E624DBAB2A0070328E /* XPYNetworkService+Chapter.m in Sources */ = {isa = PBXBuildFile; fileRef = 6C03F0E524DBAB2A0070328E /* XPYNetworkService+Chapter.m */; };
		6C03F0EA24DCED5D0070328E /* XPYReadParser.m in Sources */ = {isa = PBXBuildFile; fileRef = 6C03F0E924DCED5D0070328E /* XPYReadParser.m */; };
		6C03F0ED24DCF0AD0070328E /* XPYReadConfigManager.m in Sources */ = {isa = PBXBuildFile; fileRef = 6C03F0EC24DCF0AD0070328E /* XPYReadConfigManager.m */; };
		6C03F0F024DCF3C00070328E /* XPYConstant.m in Sources */ = {isa = PBXBuildFile; fileRef = 6C03F0EE24DCF3BF0070328E /* XPYConstant.m */; };
		6C03F0F424E0D8560070328E /* NSString+blowFish.m in Sources */ = {isa = PBXBuildFile; fileRef = 6C03F0F324E0D8560070328E /* NSString+blowFish.m */; };
		6C03F0F824E23D7E0070328E /* XPYBookStoreCell.m in Sources */ = {isa = PBXBuildFile; fileRef = 6C03F0F724E23D7E0070328E /* XPYBookStoreCell.m */; };
		6C03F0FB24E241940070328E /* XPYReadRecordManager.mm in Sources */ = {isa = PBXBuildFile; fileRef = 6C03F0FA24E241940070328E /* XPYReadRecordManager.mm */; };
		6C03F0FE24E249C30070328E /* XPYChapterDataManager.mm in Sources */ = {isa = PBXBuildFile; fileRef = 6C03F0FD24E249C30070328E /* XPYChapterDataManager.mm */; };
		6C03F10124E2787B0070328E /* XPYBookDetailsViewController.m in Sources */ = {isa = PBXBuildFile; fileRef = 6C03F10024E2787B0070328E /* XPYBookDetailsViewController.m */; };
		6C03F10424E3834C0070328E /* XPYReadHelper.m in Sources */ = {isa = PBXBuildFile; fileRef = 6C03F10324E3834C0070328E /* XPYReadHelper.m */; };
		6C03F10724E3844C0070328E /* XPYChapterHelper.m in Sources */ = {isa = PBXBuildFile; fileRef = 6C03F10624E3844C0070328E /* XPYChapterHelper.m */; };
		6C7BA8BA24D7FB9E0054B971 /* XPYBaseModel.m in Sources */ = {isa = PBXBuildFile; fileRef = 6C7BA8B924D7FB9E0054B971 /* XPYBaseModel.m */; };
		6C7BA8C024D7FEAC0054B971 /* XPYNetworkManager.m in Sources */ = {isa = PBXBuildFile; fileRef = 6C7BA8BF24D7FEAC0054B971 /* XPYNetworkManager.m */; };
		6C7BA8C324D7FEB40054B971 /* XPYNetworkService.m in Sources */ = {isa = PBXBuildFile; fileRef = 6C7BA8C224D7FEB40054B971 /* XPYNetworkService.m */; };
		6C7BA8C824D7FF8C0054B971 /* XPYUtilities.m in Sources */ = {isa = PBXBuildFile; fileRef = 6C7BA8C524D7FF8C0054B971 /* XPYUtilities.m */; };
		6C7BA8D224D80E310054B971 /* XPYBookModel.mm in Sources */ = {isa = PBXBuildFile; fileRef = 6C7BA8D124D80E310054B971 /* XPYBookModel.mm */; };
		6C7BA8D624D80FDB0054B971 /* XPYBookStackCollectionViewCell.m in Sources */ = {isa = PBXBuildFile; fileRef = 6C7BA8D524D80FDB0054B971 /* XPYBookStackCollectionViewCell.m */; };
		6C7BA8DA24D8FAD40054B971 /* XPYNetworkService+Book.m in Sources */ = {isa = PBXBuildFile; fileRef = 6C7BA8D924D8FAD40054B971 /* XPYNetworkService+Book.m */; };
		6C7BA8DF24D9050F0054B971 /* MBProgressHUD+XPYExtension.m in Sources */ = {isa = PBXBuildFile; fileRef = 6C7BA8DE24D9050F0054B971 /* MBProgressHUD+XPYExtension.m */; };
		6C91FADC24E4E2DB00D7D2B2 /* XPYReadMenu.m in Sources */ = {isa = PBXBuildFile; fileRef = 6C91FADB24E4E2DB00D7D2B2 /* XPYReadMenu.m */; };
		6C91FADF24E4E90600D7D2B2 /* XPYReadMenuTopBar.m in Sources */ = {isa = PBXBuildFile; fileRef = 6C91FADE24E4E90600D7D2B2 /* XPYReadMenuTopBar.m */; };
		6C91FAE224E5237A00D7D2B2 /* XPYBaseViewController.m in Sources */ = {isa = PBXBuildFile; fileRef = 6C91FAE124E5237A00D7D2B2 /* XPYBaseViewController.m */; };
		6C91FAE624E6319500D7D2B2 /* XPYMineViewController.m in Sources */ = {isa = PBXBuildFile; fileRef = 6C91FAE524E6319500D7D2B2 /* XPYMineViewController.m */; };
		6C91FAEA24E6333600D7D2B2 /* XPYUserModel.m in Sources */ = {isa = PBXBuildFile; fileRef = 6C91FAE924E6333600D7D2B2 /* XPYUserModel.m */; };
		6C91FAEE24E6376100D7D2B2 /* XPYUserManager.m in Sources */ = {isa = PBXBuildFile; fileRef = 6C91FAED24E6376100D7D2B2 /* XPYUserManager.m */; };
		6C91FAF224E65DE400D7D2B2 /* XPYLoginViewController.m in Sources */ = {isa = PBXBuildFile; fileRef = 6C91FAF124E65DE400D7D2B2 /* XPYLoginViewController.m */; };
		6C91FAF524E65DFA00D7D2B2 /* XPYNetworkService+User.m in Sources */ = {isa = PBXBuildFile; fileRef = 6C91FAF424E65DFA00D7D2B2 /* XPYNetworkService+User.m */; };
		6C91FAFC24E77E2100D7D2B2 /* XPYAlertManager.m in Sources */ = {isa = PBXBuildFile; fileRef = 6C91FAF824E77E2100D7D2B2 /* XPYAlertManager.m */; };
		6C91FAFD24E77E2100D7D2B2 /* XPYAlertController.m in Sources */ = {isa = PBXBuildFile; fileRef = 6C91FAFA24E77E2100D7D2B2 /* XPYAlertController.m */; };
		6C91FB0124E77F3000D7D2B2 /* XPYViewControllerHelper.m in Sources */ = {isa = PBXBuildFile; fileRef = 6C91FAFF24E77F3000D7D2B2 /* XPYViewControllerHelper.m */; };
		6CCDDC8424EB766E00612B7B /* XPYScrollReadViewController.m in Sources */ = {isa = PBXBuildFile; fileRef = 6CCDDC8324EB766E00612B7B /* XPYScrollReadViewController.m */; };
		6CCDDC8B24EBA94100612B7B /* XPYChapterPageModel.m in Sources */ = {isa = PBXBuildFile; fileRef = 6CCDDC8A24EBA94100612B7B /* XPYChapterPageModel.m */; };
		6CCDDC8E24EBC4DA00612B7B /* XPYScrollReadTableViewCell.m in Sources */ = {isa = PBXBuildFile; fileRef = 6CCDDC8D24EBC4DA00612B7B /* XPYScrollReadTableViewCell.m */; };
		6CCDDC9124EBD28100612B7B /* XPYPageReadViewController.m in Sources */ = {isa = PBXBuildFile; fileRef = 6CCDDC9024EBD28100612B7B /* XPYPageReadViewController.m */; };
		6CCDDC9424ED03A200612B7B /* XPYReadMenuBottomBar.m in Sources */ = {isa = PBXBuildFile; fileRef = 6CCDDC9324ED03A200612B7B /* XPYReadMenuBottomBar.m */; };
		6CE9251824D7EF4A000AA12F /* AppDelegate.m in Sources */ = {isa = PBXBuildFile; fileRef = 6CE9251724D7EF4A000AA12F /* AppDelegate.m */; };
		6CE9252324D7EF4D000AA12F /* Assets.xcassets in Resources */ = {isa = PBXBuildFile; fileRef = 6CE9252224D7EF4D000AA12F /* Assets.xcassets */; };
		6CE9252624D7EF4D000AA12F /* LaunchScreen.storyboard in Resources */ = {isa = PBXBuildFile; fileRef = 6CE9252424D7EF4D000AA12F /* LaunchScreen.storyboard */; };
		6CE9252924D7EF4D000AA12F /* main.m in Sources */ = {isa = PBXBuildFile; fileRef = 6CE9252824D7EF4D000AA12F /* main.m */; };
		6CE9253224D7F52A000AA12F /* XPYBookStackViewController.m in Sources */ = {isa = PBXBuildFile; fileRef = 6CE9253124D7F52A000AA12F /* XPYBookStackViewController.m */; };
		6CE9253724D7F55E000AA12F /* XPYBookStoreViewController.m in Sources */ = {isa = PBXBuildFile; fileRef = 6CE9253624D7F55E000AA12F /* XPYBookStoreViewController.m */; };
		6CE9253E24D7F587000AA12F /* XPYTabBarController.m in Sources */ = {isa = PBXBuildFile; fileRef = 6CE9253D24D7F587000AA12F /* XPYTabBarController.m */; };
/* End PBXBuildFile section */

/* Begin PBXFileReference section */
		32E8E58213F1C70C64AC51C9 /* Pods-XPYReader.release.xcconfig */ = {isa = PBXFileReference; includeInIndex = 1; lastKnownFileType = text.xcconfig; name = "Pods-XPYReader.release.xcconfig"; path = "Target Support Files/Pods-XPYReader/Pods-XPYReader.release.xcconfig"; sourceTree = "<group>"; };
		6C03F0C524D92C890070328E /* XPYBookModel+WCTTableCoding.h */ = {isa = PBXFileReference; lastKnownFileType = sourcecode.c.h; path = "XPYBookModel+WCTTableCoding.h"; sourceTree = "<group>"; };
		6C03F0C924D93BD90070328E /* XPYReaderManagerController.h */ = {isa = PBXFileReference; lastKnownFileType = sourcecode.c.h; path = XPYReaderManagerController.h; sourceTree = "<group>"; };
		6C03F0CA24D93BD90070328E /* XPYReaderManagerController.m */ = {isa = PBXFileReference; lastKnownFileType = sourcecode.c.objc; path = XPYReaderManagerController.m; sourceTree = "<group>"; };
		6C03F0CC24D94C5D0070328E /* XPYDatabaseManager.h */ = {isa = PBXFileReference; lastKnownFileType = sourcecode.c.h; path = XPYDatabaseManager.h; sourceTree = "<group>"; };
		6C03F0CD24D94C5D0070328E /* XPYDatabaseManager.mm */ = {isa = PBXFileReference; lastKnownFileType = sourcecode.cpp.objcpp; path = XPYDatabaseManager.mm; sourceTree = "<group>"; };
		6C03F0CF24D950310070328E /* XPYChapterModel.h */ = {isa = PBXFileReference; lastKnownFileType = sourcecode.c.h; path = XPYChapterModel.h; sourceTree = "<group>"; };
		6C03F0D024D950310070328E /* XPYChapterModel.mm */ = {isa = PBXFileReference; lastKnownFileType = sourcecode.cpp.objcpp; path = XPYChapterModel.mm; sourceTree = "<group>"; };
		6C03F0D524DA496B0070328E /* XPYChapterModel+WCTTableCoding.h */ = {isa = PBXFileReference; lastKnownFileType = sourcecode.c.h; path = "XPYChapterModel+WCTTableCoding.h"; sourceTree = "<group>"; };
		6C03F0D824DA99260070328E /* XPYBlocks.h */ = {isa = PBXFileReference; lastKnownFileType = sourcecode.c.h; path = XPYBlocks.h; sourceTree = "<group>"; };
		6C03F0D924DAB12F0070328E /* XPYNavigationController.h */ = {isa = PBXFileReference; lastKnownFileType = sourcecode.c.h; path = XPYNavigationController.h; sourceTree = "<group>"; };
		6C03F0DA24DAB12F0070328E /* XPYNavigationController.m */ = {isa = PBXFileReference; lastKnownFileType = sourcecode.c.objc; path = XPYNavigationController.m; sourceTree = "<group>"; };
		6C03F0DC24DB9B5C0070328E /* XPYReadViewController.h */ = {isa = PBXFileReference; lastKnownFileType = sourcecode.c.h; path = XPYReadViewController.h; sourceTree = "<group>"; };
		6C03F0DD24DB9B5C0070328E /* XPYReadViewController.m */ = {isa = PBXFileReference; lastKnownFileType = sourcecode.c.objc; path = XPYReadViewController.m; sourceTree = "<group>"; };
		6C03F0E024DB9F2A0070328E /* XPYReadView.h */ = {isa = PBXFileReference; lastKnownFileType = sourcecode.c.h; path = XPYReadView.h; sourceTree = "<group>"; };
		6C03F0E124DB9F2A0070328E /* XPYReadView.m */ = {isa = PBXFileReference; lastKnownFileType = sourcecode.c.objc; path = XPYReadView.m; sourceTree = "<group>"; };
		6C03F0E424DBAB2A0070328E /* XPYNetworkService+Chapter.h */ = {isa = PBXFileReference; lastKnownFileType = sourcecode.c.h; path = "XPYNetworkService+Chapter.h"; sourceTree = "<group>"; };
		6C03F0E524DBAB2A0070328E /* XPYNetworkService+Chapter.m */ = {isa = PBXFileReference; lastKnownFileType = sourcecode.c.objc; path = "XPYNetworkService+Chapter.m"; sourceTree = "<group>"; };
		6C03F0E824DCED5D0070328E /* XPYReadParser.h */ = {isa = PBXFileReference; lastKnownFileType = sourcecode.c.h; path = XPYReadParser.h; sourceTree = "<group>"; };
		6C03F0E924DCED5D0070328E /* XPYReadParser.m */ = {isa = PBXFileReference; lastKnownFileType = sourcecode.c.objc; path = XPYReadParser.m; sourceTree = "<group>"; };
		6C03F0EB24DCF0AD0070328E /* XPYReadConfigManager.h */ = {isa = PBXFileReference; lastKnownFileType = sourcecode.c.h; path = XPYReadConfigManager.h; sourceTree = "<group>"; };
		6C03F0EC24DCF0AD0070328E /* XPYReadConfigManager.m */ = {isa = PBXFileReference; lastKnownFileType = sourcecode.c.objc; path = XPYReadConfigManager.m; sourceTree = "<group>"; };
		6C03F0EE24DCF3BF0070328E /* XPYConstant.m */ = {isa = PBXFileReference; fileEncoding = 4; lastKnownFileType = sourcecode.c.objc; path = XPYConstant.m; sourceTree = "<group>"; };
		6C03F0EF24DCF3BF0070328E /* XPYConstant.h */ = {isa = PBXFileReference; fileEncoding = 4; lastKnownFileType = sourcecode.c.h; path = XPYConstant.h; sourceTree = "<group>"; };
		6C03F0F224E0D8560070328E /* NSString+blowFish.h */ = {isa = PBXFileReference; fileEncoding = 4; lastKnownFileType = sourcecode.c.h; path = "NSString+blowFish.h"; sourceTree = "<group>"; };
		6C03F0F324E0D8560070328E /* NSString+blowFish.m */ = {isa = PBXFileReference; fileEncoding = 4; lastKnownFileType = sourcecode.c.objc; path = "NSString+blowFish.m"; sourceTree = "<group>"; };
		6C03F0F624E23D7E0070328E /* XPYBookStoreCell.h */ = {isa = PBXFileReference; lastKnownFileType = sourcecode.c.h; path = XPYBookStoreCell.h; sourceTree = "<group>"; };
		6C03F0F724E23D7E0070328E /* XPYBookStoreCell.m */ = {isa = PBXFileReference; lastKnownFileType = sourcecode.c.objc; path = XPYBookStoreCell.m; sourceTree = "<group>"; };
		6C03F0F924E241940070328E /* XPYReadRecordManager.h */ = {isa = PBXFileReference; lastKnownFileType = sourcecode.c.h; path = XPYReadRecordManager.h; sourceTree = "<group>"; };
		6C03F0FA24E241940070328E /* XPYReadRecordManager.mm */ = {isa = PBXFileReference; lastKnownFileType = sourcecode.cpp.objcpp; path = XPYReadRecordManager.mm; sourceTree = "<group>"; };
		6C03F0FC24E249C30070328E /* XPYChapterDataManager.h */ = {isa = PBXFileReference; lastKnownFileType = sourcecode.c.h; path = XPYChapterDataManager.h; sourceTree = "<group>"; };
		6C03F0FD24E249C30070328E /* XPYChapterDataManager.mm */ = {isa = PBXFileReference; lastKnownFileType = sourcecode.cpp.objcpp; path = XPYChapterDataManager.mm; sourceTree = "<group>"; };
		6C03F0FF24E2787B0070328E /* XPYBookDetailsViewController.h */ = {isa = PBXFileReference; lastKnownFileType = sourcecode.c.h; path = XPYBookDetailsViewController.h; sourceTree = "<group>"; };
		6C03F10024E2787B0070328E /* XPYBookDetailsViewController.m */ = {isa = PBXFileReference; lastKnownFileType = sourcecode.c.objc; path = XPYBookDetailsViewController.m; sourceTree = "<group>"; };
		6C03F10224E3834C0070328E /* XPYReadHelper.h */ = {isa = PBXFileReference; lastKnownFileType = sourcecode.c.h; path = XPYReadHelper.h; sourceTree = "<group>"; };
		6C03F10324E3834C0070328E /* XPYReadHelper.m */ = {isa = PBXFileReference; lastKnownFileType = sourcecode.c.objc; path = XPYReadHelper.m; sourceTree = "<group>"; };
		6C03F10524E3844C0070328E /* XPYChapterHelper.h */ = {isa = PBXFileReference; lastKnownFileType = sourcecode.c.h; path = XPYChapterHelper.h; sourceTree = "<group>"; };
		6C03F10624E3844C0070328E /* XPYChapterHelper.m */ = {isa = PBXFileReference; lastKnownFileType = sourcecode.c.objc; path = XPYChapterHelper.m; sourceTree = "<group>"; };
		6C7BA8B824D7FB9E0054B971 /* XPYBaseModel.h */ = {isa = PBXFileReference; lastKnownFileType = sourcecode.c.h; path = XPYBaseModel.h; sourceTree = "<group>"; };
		6C7BA8B924D7FB9E0054B971 /* XPYBaseModel.m */ = {isa = PBXFileReference; lastKnownFileType = sourcecode.c.objc; path = XPYBaseModel.m; sourceTree = "<group>"; };
		6C7BA8BE24D7FEAC0054B971 /* XPYNetworkManager.h */ = {isa = PBXFileReference; fileEncoding = 4; lastKnownFileType = sourcecode.c.h; path = XPYNetworkManager.h; sourceTree = "<group>"; };
		6C7BA8BF24D7FEAC0054B971 /* XPYNetworkManager.m */ = {isa = PBXFileReference; fileEncoding = 4; lastKnownFileType = sourcecode.c.objc; path = XPYNetworkManager.m; sourceTree = "<group>"; };
		6C7BA8C124D7FEB40054B971 /* XPYNetworkService.h */ = {isa = PBXFileReference; fileEncoding = 4; lastKnownFileType = sourcecode.c.h; path = XPYNetworkService.h; sourceTree = "<group>"; };
		6C7BA8C224D7FEB40054B971 /* XPYNetworkService.m */ = {isa = PBXFileReference; fileEncoding = 4; lastKnownFileType = sourcecode.c.objc; path = XPYNetworkService.m; sourceTree = "<group>"; };
		6C7BA8C524D7FF8C0054B971 /* XPYUtilities.m */ = {isa = PBXFileReference; fileEncoding = 4; lastKnownFileType = sourcecode.c.objc; path = XPYUtilities.m; sourceTree = "<group>"; };
		6C7BA8C624D7FF8C0054B971 /* XPYUtilitiesDefine.h */ = {isa = PBXFileReference; fileEncoding = 4; lastKnownFileType = sourcecode.c.h; path = XPYUtilitiesDefine.h; sourceTree = "<group>"; };
		6C7BA8C724D7FF8C0054B971 /* XPYUtilities.h */ = {isa = PBXFileReference; fileEncoding = 4; lastKnownFileType = sourcecode.c.h; path = XPYUtilities.h; sourceTree = "<group>"; };
		6C7BA8CA24D7FFBC0054B971 /* XPYEnums.h */ = {isa = PBXFileReference; lastKnownFileType = sourcecode.c.h; path = XPYEnums.h; sourceTree = "<group>"; };
		6C7BA8CB24D7FFF20054B971 /* XPYReader.pch */ = {isa = PBXFileReference; lastKnownFileType = sourcecode.c.h; path = XPYReader.pch; sourceTree = "<group>"; };
		6C7BA8D024D80E310054B971 /* XPYBookModel.h */ = {isa = PBXFileReference; lastKnownFileType = sourcecode.c.h; path = XPYBookModel.h; sourceTree = "<group>"; };
		6C7BA8D124D80E310054B971 /* XPYBookModel.mm */ = {isa = PBXFileReference; lastKnownFileType = sourcecode.cpp.objcpp; path = XPYBookModel.mm; sourceTree = "<group>"; };
		6C7BA8D424D80FDB0054B971 /* XPYBookStackCollectionViewCell.h */ = {isa = PBXFileReference; lastKnownFileType = sourcecode.c.h; path = XPYBookStackCollectionViewCell.h; sourceTree = "<group>"; };
		6C7BA8D524D80FDB0054B971 /* XPYBookStackCollectionViewCell.m */ = {isa = PBXFileReference; lastKnownFileType = sourcecode.c.objc; path = XPYBookStackCollectionViewCell.m; sourceTree = "<group>"; };
		6C7BA8D724D8F21C0054B971 /* XPYMacros.h */ = {isa = PBXFileReference; lastKnownFileType = sourcecode.c.h; path = XPYMacros.h; sourceTree = "<group>"; };
		6C7BA8D824D8FAD40054B971 /* XPYNetworkService+Book.h */ = {isa = PBXFileReference; lastKnownFileType = sourcecode.c.h; path = "XPYNetworkService+Book.h"; sourceTree = "<group>"; };
		6C7BA8D924D8FAD40054B971 /* XPYNetworkService+Book.m */ = {isa = PBXFileReference; lastKnownFileType = sourcecode.c.objc; path = "XPYNetworkService+Book.m"; sourceTree = "<group>"; };
		6C7BA8DD24D9050F0054B971 /* MBProgressHUD+XPYExtension.h */ = {isa = PBXFileReference; fileEncoding = 4; lastKnownFileType = sourcecode.c.h; path = "MBProgressHUD+XPYExtension.h"; sourceTree = "<group>"; };
		6C7BA8DE24D9050F0054B971 /* MBProgressHUD+XPYExtension.m */ = {isa = PBXFileReference; fileEncoding = 4; lastKnownFileType = sourcecode.c.objc; path = "MBProgressHUD+XPYExtension.m"; sourceTree = "<group>"; };
		6C91FADA24E4E2DB00D7D2B2 /* XPYReadMenu.h */ = {isa = PBXFileReference; lastKnownFileType = sourcecode.c.h; path = XPYReadMenu.h; sourceTree = "<group>"; };
		6C91FADB24E4E2DB00D7D2B2 /* XPYReadMenu.m */ = {isa = PBXFileReference; lastKnownFileType = sourcecode.c.objc; path = XPYReadMenu.m; sourceTree = "<group>"; };
		6C91FADD24E4E90600D7D2B2 /* XPYReadMenuTopBar.h */ = {isa = PBXFileReference; lastKnownFileType = sourcecode.c.h; path = XPYReadMenuTopBar.h; sourceTree = "<group>"; };
		6C91FADE24E4E90600D7D2B2 /* XPYReadMenuTopBar.m */ = {isa = PBXFileReference; lastKnownFileType = sourcecode.c.objc; path = XPYReadMenuTopBar.m; sourceTree = "<group>"; };
		6C91FAE024E5237A00D7D2B2 /* XPYBaseViewController.h */ = {isa = PBXFileReference; lastKnownFileType = sourcecode.c.h; path = XPYBaseViewController.h; sourceTree = "<group>"; };
		6C91FAE124E5237A00D7D2B2 /* XPYBaseViewController.m */ = {isa = PBXFileReference; lastKnownFileType = sourcecode.c.objc; path = XPYBaseViewController.m; sourceTree = "<group>"; };
		6C91FAE424E6319500D7D2B2 /* XPYMineViewController.h */ = {isa = PBXFileReference; lastKnownFileType = sourcecode.c.h; path = XPYMineViewController.h; sourceTree = "<group>"; };
		6C91FAE524E6319500D7D2B2 /* XPYMineViewController.m */ = {isa = PBXFileReference; lastKnownFileType = sourcecode.c.objc; path = XPYMineViewController.m; sourceTree = "<group>"; };
		6C91FAE824E6333600D7D2B2 /* XPYUserModel.h */ = {isa = PBXFileReference; lastKnownFileType = sourcecode.c.h; path = XPYUserModel.h; sourceTree = "<group>"; };
		6C91FAE924E6333600D7D2B2 /* XPYUserModel.m */ = {isa = PBXFileReference; lastKnownFileType = sourcecode.c.objc; path = XPYUserModel.m; sourceTree = "<group>"; };
		6C91FAEC24E6376100D7D2B2 /* XPYUserManager.h */ = {isa = PBXFileReference; lastKnownFileType = sourcecode.c.h; path = XPYUserManager.h; sourceTree = "<group>"; };
		6C91FAED24E6376100D7D2B2 /* XPYUserManager.m */ = {isa = PBXFileReference; lastKnownFileType = sourcecode.c.objc; path = XPYUserManager.m; sourceTree = "<group>"; };
		6C91FAF024E65DE400D7D2B2 /* XPYLoginViewController.h */ = {isa = PBXFileReference; lastKnownFileType = sourcecode.c.h; path = XPYLoginViewController.h; sourceTree = "<group>"; };
		6C91FAF124E65DE400D7D2B2 /* XPYLoginViewController.m */ = {isa = PBXFileReference; lastKnownFileType = sourcecode.c.objc; path = XPYLoginViewController.m; sourceTree = "<group>"; };
		6C91FAF324E65DFA00D7D2B2 /* XPYNetworkService+User.h */ = {isa = PBXFileReference; lastKnownFileType = sourcecode.c.h; path = "XPYNetworkService+User.h"; sourceTree = "<group>"; };
		6C91FAF424E65DFA00D7D2B2 /* XPYNetworkService+User.m */ = {isa = PBXFileReference; lastKnownFileType = sourcecode.c.objc; path = "XPYNetworkService+User.m"; sourceTree = "<group>"; };
		6C91FAF824E77E2100D7D2B2 /* XPYAlertManager.m */ = {isa = PBXFileReference; fileEncoding = 4; lastKnownFileType = sourcecode.c.objc; path = XPYAlertManager.m; sourceTree = "<group>"; };
		6C91FAF924E77E2100D7D2B2 /* XPYAlertController.h */ = {isa = PBXFileReference; fileEncoding = 4; lastKnownFileType = sourcecode.c.h; path = XPYAlertController.h; sourceTree = "<group>"; };
		6C91FAFA24E77E2100D7D2B2 /* XPYAlertController.m */ = {isa = PBXFileReference; fileEncoding = 4; lastKnownFileType = sourcecode.c.objc; path = XPYAlertController.m; sourceTree = "<group>"; };
		6C91FAFB24E77E2100D7D2B2 /* XPYAlertManager.h */ = {isa = PBXFileReference; fileEncoding = 4; lastKnownFileType = sourcecode.c.h; path = XPYAlertManager.h; sourceTree = "<group>"; };
		6C91FAFF24E77F3000D7D2B2 /* XPYViewControllerHelper.m */ = {isa = PBXFileReference; fileEncoding = 4; lastKnownFileType = sourcecode.c.objc; path = XPYViewControllerHelper.m; sourceTree = "<group>"; };
		6C91FB0024E77F3000D7D2B2 /* XPYViewControllerHelper.h */ = {isa = PBXFileReference; fileEncoding = 4; lastKnownFileType = sourcecode.c.h; path = XPYViewControllerHelper.h; sourceTree = "<group>"; };
		6CCDDC8224EB766E00612B7B /* XPYScrollReadViewController.h */ = {isa = PBXFileReference; lastKnownFileType = sourcecode.c.h; path = XPYScrollReadViewController.h; sourceTree = "<group>"; };
		6CCDDC8324EB766E00612B7B /* XPYScrollReadViewController.m */ = {isa = PBXFileReference; lastKnownFileType = sourcecode.c.objc; path = XPYScrollReadViewController.m; sourceTree = "<group>"; };
		6CCDDC8924EBA94100612B7B /* XPYChapterPageModel.h */ = {isa = PBXFileReference; lastKnownFileType = sourcecode.c.h; path = XPYChapterPageModel.h; sourceTree = "<group>"; };
		6CCDDC8A24EBA94100612B7B /* XPYChapterPageModel.m */ = {isa = PBXFileReference; lastKnownFileType = sourcecode.c.objc; path = XPYChapterPageModel.m; sourceTree = "<group>"; };
		6CCDDC8C24EBC4DA00612B7B /* XPYScrollReadTableViewCell.h */ = {isa = PBXFileReference; lastKnownFileType = sourcecode.c.h; path = XPYScrollReadTableViewCell.h; sourceTree = "<group>"; };
		6CCDDC8D24EBC4DA00612B7B /* XPYScrollReadTableViewCell.m */ = {isa = PBXFileReference; lastKnownFileType = sourcecode.c.objc; path = XPYScrollReadTableViewCell.m; sourceTree = "<group>"; };
		6CCDDC8F24EBD28100612B7B /* XPYPageReadViewController.h */ = {isa = PBXFileReference; lastKnownFileType = sourcecode.c.h; path = XPYPageReadViewController.h; sourceTree = "<group>"; };
		6CCDDC9024EBD28100612B7B /* XPYPageReadViewController.m */ = {isa = PBXFileReference; lastKnownFileType = sourcecode.c.objc; path = XPYPageReadViewController.m; sourceTree = "<group>"; };
		6CCDDC9224ED03A200612B7B /* XPYReadMenuBottomBar.h */ = {isa = PBXFileReference; lastKnownFileType = sourcecode.c.h; path = XPYReadMenuBottomBar.h; sourceTree = "<group>"; };
		6CCDDC9324ED03A200612B7B /* XPYReadMenuBottomBar.m */ = {isa = PBXFileReference; lastKnownFileType = sourcecode.c.objc; path = XPYReadMenuBottomBar.m; sourceTree = "<group>"; };
		6CE9251324D7EF4A000AA12F /* XPYReader.app */ = {isa = PBXFileReference; explicitFileType = wrapper.application; includeInIndex = 0; path = XPYReader.app; sourceTree = BUILT_PRODUCTS_DIR; };
		6CE9251624D7EF4A000AA12F /* AppDelegate.h */ = {isa = PBXFileReference; lastKnownFileType = sourcecode.c.h; path = AppDelegate.h; sourceTree = "<group>"; };
		6CE9251724D7EF4A000AA12F /* AppDelegate.m */ = {isa = PBXFileReference; lastKnownFileType = sourcecode.c.objc; path = AppDelegate.m; sourceTree = "<group>"; };
		6CE9252224D7EF4D000AA12F /* Assets.xcassets */ = {isa = PBXFileReference; lastKnownFileType = folder.assetcatalog; path = Assets.xcassets; sourceTree = "<group>"; };
		6CE9252524D7EF4D000AA12F /* Base */ = {isa = PBXFileReference; lastKnownFileType = file.storyboard; name = Base; path = Base.lproj/LaunchScreen.storyboard; sourceTree = "<group>"; };
		6CE9252724D7EF4D000AA12F /* Info.plist */ = {isa = PBXFileReference; lastKnownFileType = text.plist.xml; path = Info.plist; sourceTree = "<group>"; };
		6CE9252824D7EF4D000AA12F /* main.m */ = {isa = PBXFileReference; lastKnownFileType = sourcecode.c.objc; path = main.m; sourceTree = "<group>"; };
		6CE9253024D7F52A000AA12F /* XPYBookStackViewController.h */ = {isa = PBXFileReference; lastKnownFileType = sourcecode.c.h; path = XPYBookStackViewController.h; sourceTree = "<group>"; };
		6CE9253124D7F52A000AA12F /* XPYBookStackViewController.m */ = {isa = PBXFileReference; lastKnownFileType = sourcecode.c.objc; path = XPYBookStackViewController.m; sourceTree = "<group>"; };
		6CE9253524D7F55E000AA12F /* XPYBookStoreViewController.h */ = {isa = PBXFileReference; lastKnownFileType = sourcecode.c.h; path = XPYBookStoreViewController.h; sourceTree = "<group>"; };
		6CE9253624D7F55E000AA12F /* XPYBookStoreViewController.m */ = {isa = PBXFileReference; lastKnownFileType = sourcecode.c.objc; path = XPYBookStoreViewController.m; sourceTree = "<group>"; };
		6CE9253C24D7F587000AA12F /* XPYTabBarController.h */ = {isa = PBXFileReference; lastKnownFileType = sourcecode.c.h; path = XPYTabBarController.h; sourceTree = "<group>"; };
		6CE9253D24D7F587000AA12F /* XPYTabBarController.m */ = {isa = PBXFileReference; lastKnownFileType = sourcecode.c.objc; path = XPYTabBarController.m; sourceTree = "<group>"; };
		B9286C8D3744A6AE8C3108E1 /* libPods-XPYReader.a */ = {isa = PBXFileReference; explicitFileType = archive.ar; includeInIndex = 0; path = "libPods-XPYReader.a"; sourceTree = BUILT_PRODUCTS_DIR; };
		D2E91969A5F7A56BB0CACD2F /* Pods-XPYReader.debug.xcconfig */ = {isa = PBXFileReference; includeInIndex = 1; lastKnownFileType = text.xcconfig; name = "Pods-XPYReader.debug.xcconfig"; path = "Target Support Files/Pods-XPYReader/Pods-XPYReader.debug.xcconfig"; sourceTree = "<group>"; };
/* End PBXFileReference section */

/* Begin PBXFrameworksBuildPhase section */
		6CE9251024D7EF4A000AA12F /* Frameworks */ = {
			isa = PBXFrameworksBuildPhase;
			buildActionMask = 2147483647;
			files = (
				0E8F9C96C0109F73ECE90967 /* libPods-XPYReader.a in Frameworks */,
			);
			runOnlyForDeploymentPostprocessing = 0;
		};
/* End PBXFrameworksBuildPhase section */

/* Begin PBXGroup section */
		6C03F0C824D93B910070328E /* Read */ = {
			isa = PBXGroup;
			children = (
				6C03F0C924D93BD90070328E /* XPYReaderManagerController.h */,
				6C03F0CA24D93BD90070328E /* XPYReaderManagerController.m */,
				6CCDDC8F24EBD28100612B7B /* XPYPageReadViewController.h */,
				6CCDDC9024EBD28100612B7B /* XPYPageReadViewController.m */,
				6CCDDC8224EB766E00612B7B /* XPYScrollReadViewController.h */,
				6CCDDC8324EB766E00612B7B /* XPYScrollReadViewController.m */,
				6C03F0DC24DB9B5C0070328E /* XPYReadViewController.h */,
				6C03F0DD24DB9B5C0070328E /* XPYReadViewController.m */,
			);
			path = Read;
			sourceTree = "<group>";
		};
		6C03F0DF24DB9EB50070328E /* Read */ = {
			isa = PBXGroup;
			children = (
				6C03F0E024DB9F2A0070328E /* XPYReadView.h */,
				6C03F0E124DB9F2A0070328E /* XPYReadView.m */,
				6C91FADA24E4E2DB00D7D2B2 /* XPYReadMenu.h */,
				6C91FADB24E4E2DB00D7D2B2 /* XPYReadMenu.m */,
				6C91FADD24E4E90600D7D2B2 /* XPYReadMenuTopBar.h */,
				6C91FADE24E4E90600D7D2B2 /* XPYReadMenuTopBar.m */,
				6CCDDC8C24EBC4DA00612B7B /* XPYScrollReadTableViewCell.h */,
				6CCDDC8D24EBC4DA00612B7B /* XPYScrollReadTableViewCell.m */,
				6CCDDC9224ED03A200612B7B /* XPYReadMenuBottomBar.h */,
				6CCDDC9324ED03A200612B7B /* XPYReadMenuBottomBar.m */,
			);
			path = Read;
			sourceTree = "<group>";
		};
		6C03F0E324DBAB040070328E /* Chapter */ = {
			isa = PBXGroup;
			children = (
				6C03F0E424DBAB2A0070328E /* XPYNetworkService+Chapter.h */,
				6C03F0E524DBAB2A0070328E /* XPYNetworkService+Chapter.m */,
				6CCDDC8924EBA94100612B7B /* XPYChapterPageModel.h */,
				6CCDDC8A24EBA94100612B7B /* XPYChapterPageModel.m */,
			);
			path = Chapter;
			sourceTree = "<group>";
		};
		6C03F0E724DCED280070328E /* Read */ = {
			isa = PBXGroup;
			children = (
				6C03F0EB24DCF0AD0070328E /* XPYReadConfigManager.h */,
				6C03F0EC24DCF0AD0070328E /* XPYReadConfigManager.m */,
				6C03F0E824DCED5D0070328E /* XPYReadParser.h */,
				6C03F0E924DCED5D0070328E /* XPYReadParser.m */,
				6C03F10224E3834C0070328E /* XPYReadHelper.h */,
				6C03F10324E3834C0070328E /* XPYReadHelper.m */,
				6C03F10524E3844C0070328E /* XPYChapterHelper.h */,
				6C03F10624E3844C0070328E /* XPYChapterHelper.m */,
			);
			path = Read;
			sourceTree = "<group>";
		};
		6C03F0F124E0D84A0070328E /* NSString */ = {
			isa = PBXGroup;
			children = (
				6C03F0F224E0D8560070328E /* NSString+blowFish.h */,
				6C03F0F324E0D8560070328E /* NSString+blowFish.m */,
			);
			path = NSString;
			sourceTree = "<group>";
		};
		6C03F0F524E23D4F0070328E /* BookStore */ = {
			isa = PBXGroup;
			children = (
				6C03F0F624E23D7E0070328E /* XPYBookStoreCell.h */,
				6C03F0F724E23D7E0070328E /* XPYBookStoreCell.m */,
			);
			path = BookStore;
			sourceTree = "<group>";
		};
		6C7BA8BC24D7FE660054B971 /* Utils */ = {
			isa = PBXGroup;
			children = (
				6C91FAFE24E77F2700D7D2B2 /* Helper */,
				6C7BA8C424D7FF790054B971 /* Utility */,
				6C7BA8DB24D904EC0054B971 /* Category */,
				6C7BA8BD24D7FE7B0054B971 /* Network */,
				6C03F0E724DCED280070328E /* Read */,
				6C91FAEB24E6374E00D7D2B2 /* User */,
			);
			path = Utils;
			sourceTree = "<group>";
		};
		6C7BA8BD24D7FE7B0054B971 /* Network */ = {
			isa = PBXGroup;
			children = (
				6C7BA8BE24D7FEAC0054B971 /* XPYNetworkManager.h */,
				6C7BA8BF24D7FEAC0054B971 /* XPYNetworkManager.m */,
				6C7BA8C124D7FEB40054B971 /* XPYNetworkService.h */,
				6C7BA8C224D7FEB40054B971 /* XPYNetworkService.m */,
			);
			path = Network;
			sourceTree = "<group>";
		};
		6C7BA8C424D7FF790054B971 /* Utility */ = {
			isa = PBXGroup;
			children = (
				6C7BA8C724D7FF8C0054B971 /* XPYUtilities.h */,
				6C7BA8C524D7FF8C0054B971 /* XPYUtilities.m */,
				6C7BA8C624D7FF8C0054B971 /* XPYUtilitiesDefine.h */,
			);
			path = Utility;
			sourceTree = "<group>";
		};
		6C7BA8C924D7FFA70054B971 /* Macros */ = {
			isa = PBXGroup;
			children = (
				6C7BA8D724D8F21C0054B971 /* XPYMacros.h */,
				6C7BA8CA24D7FFBC0054B971 /* XPYEnums.h */,
				6C03F0D824DA99260070328E /* XPYBlocks.h */,
				6C03F0EF24DCF3BF0070328E /* XPYConstant.h */,
				6C03F0EE24DCF3BF0070328E /* XPYConstant.m */,
			);
			path = Macros;
			sourceTree = "<group>";
		};
		6C7BA8CC24D80B630054B971 /* Book */ = {
			isa = PBXGroup;
			children = (
				6C7BA8D824D8FAD40054B971 /* XPYNetworkService+Book.h */,
				6C7BA8D924D8FAD40054B971 /* XPYNetworkService+Book.m */,
			);
			path = Book;
			sourceTree = "<group>";
		};
		6C7BA8D324D80FBD0054B971 /* BookStack */ = {
			isa = PBXGroup;
			children = (
				6C7BA8D424D80FDB0054B971 /* XPYBookStackCollectionViewCell.h */,
				6C7BA8D524D80FDB0054B971 /* XPYBookStackCollectionViewCell.m */,
			);
			path = BookStack;
			sourceTree = "<group>";
		};
		6C7BA8DB24D904EC0054B971 /* Category */ = {
			isa = PBXGroup;
			children = (
				6C03F0F124E0D84A0070328E /* NSString */,
				6C7BA8DC24D9050F0054B971 /* MBProgressHUD */,
			);
			path = Category;
			sourceTree = "<group>";
		};
		6C7BA8DC24D9050F0054B971 /* MBProgressHUD */ = {
			isa = PBXGroup;
			children = (
				6C7BA8DD24D9050F0054B971 /* MBProgressHUD+XPYExtension.h */,
				6C7BA8DE24D9050F0054B971 /* MBProgressHUD+XPYExtension.m */,
			);
			path = MBProgressHUD;
			sourceTree = "<group>";
		};
		6C7BA8E024D90C480054B971 /* Database */ = {
			isa = PBXGroup;
			children = (
				6C03F0CC24D94C5D0070328E /* XPYDatabaseManager.h */,
				6C03F0CD24D94C5D0070328E /* XPYDatabaseManager.mm */,
				6C03F0C524D92C890070328E /* XPYBookModel+WCTTableCoding.h */,
				6C7BA8D024D80E310054B971 /* XPYBookModel.h */,
				6C7BA8D124D80E310054B971 /* XPYBookModel.mm */,
				6C03F0D524DA496B0070328E /* XPYChapterModel+WCTTableCoding.h */,
				6C03F0CF24D950310070328E /* XPYChapterModel.h */,
				6C03F0D024D950310070328E /* XPYChapterModel.mm */,
				6C03F0F924E241940070328E /* XPYReadRecordManager.h */,
				6C03F0FA24E241940070328E /* XPYReadRecordManager.mm */,
				6C03F0FC24E249C30070328E /* XPYChapterDataManager.h */,
				6C03F0FD24E249C30070328E /* XPYChapterDataManager.mm */,
			);
			path = Database;
			sourceTree = "<group>";
		};
		6C91FAE324E630D700D7D2B2 /* Mine */ = {
			isa = PBXGroup;
			children = (
				6C91FAE424E6319500D7D2B2 /* XPYMineViewController.h */,
				6C91FAE524E6319500D7D2B2 /* XPYMineViewController.m */,
			);
			path = Mine;
			sourceTree = "<group>";
		};
		6C91FAE724E6332000D7D2B2 /* User */ = {
			isa = PBXGroup;
			children = (
				6C91FAE824E6333600D7D2B2 /* XPYUserModel.h */,
				6C91FAE924E6333600D7D2B2 /* XPYUserModel.m */,
				6C91FAF324E65DFA00D7D2B2 /* XPYNetworkService+User.h */,
				6C91FAF424E65DFA00D7D2B2 /* XPYNetworkService+User.m */,
			);
			path = User;
			sourceTree = "<group>";
		};
		6C91FAEB24E6374E00D7D2B2 /* User */ = {
			isa = PBXGroup;
			children = (
				6C91FAEC24E6376100D7D2B2 /* XPYUserManager.h */,
				6C91FAED24E6376100D7D2B2 /* XPYUserManager.m */,
			);
			path = User;
			sourceTree = "<group>";
		};
		6C91FAEF24E63ECD00D7D2B2 /* Login */ = {
			isa = PBXGroup;
			children = (
				6C91FAF024E65DE400D7D2B2 /* XPYLoginViewController.h */,
				6C91FAF124E65DE400D7D2B2 /* XPYLoginViewController.m */,
			);
			path = Login;
			sourceTree = "<group>";
		};
		6C91FAF624E77E0C00D7D2B2 /* Vendor */ = {
			isa = PBXGroup;
			children = (
				6C91FAF724E77E2100D7D2B2 /* XPYAlert */,
			);
			path = Vendor;
			sourceTree = "<group>";
		};
		6C91FAF724E77E2100D7D2B2 /* XPYAlert */ = {
			isa = PBXGroup;
			children = (
				6C91FAF824E77E2100D7D2B2 /* XPYAlertManager.m */,
				6C91FAF924E77E2100D7D2B2 /* XPYAlertController.h */,
				6C91FAFA24E77E2100D7D2B2 /* XPYAlertController.m */,
				6C91FAFB24E77E2100D7D2B2 /* XPYAlertManager.h */,
			);
			path = XPYAlert;
			sourceTree = "<group>";
		};
		6C91FAFE24E77F2700D7D2B2 /* Helper */ = {
			isa = PBXGroup;
			children = (
				6C91FB0024E77F3000D7D2B2 /* XPYViewControllerHelper.h */,
				6C91FAFF24E77F3000D7D2B2 /* XPYViewControllerHelper.m */,
			);
			path = Helper;
			sourceTree = "<group>";
		};
		6CE9250A24D7EF4A000AA12F = {
			isa = PBXGroup;
			children = (
				6CE9251524D7EF4A000AA12F /* XPYReader */,
				6CE9251424D7EF4A000AA12F /* Products */,
				BE952BC9EECA4B3C8DB7E38D /* Pods */,
				F388D6DD322073587548FD5F /* Frameworks */,
			);
			sourceTree = "<group>";
		};
		6CE9251424D7EF4A000AA12F /* Products */ = {
			isa = PBXGroup;
			children = (
				6CE9251324D7EF4A000AA12F /* XPYReader.app */,
			);
			name = Products;
			sourceTree = "<group>";
		};
		6CE9251524D7EF4A000AA12F /* XPYReader */ = {
			isa = PBXGroup;
			children = (
				6C7BA8E024D90C480054B971 /* Database */,
				6CE9253F24D7F8B2000AA12F /* Model */,
				6CE9254024D7F8C5000AA12F /* View */,
				6CE9252F24D7F4F0000AA12F /* ViewController */,
				6C91FAF624E77E0C00D7D2B2 /* Vendor */,
				6C7BA8BC24D7FE660054B971 /* Utils */,
				6C7BA8C924D7FFA70054B971 /* Macros */,
				6CE9251624D7EF4A000AA12F /* AppDelegate.h */,
				6CE9251724D7EF4A000AA12F /* AppDelegate.m */,
				6CE9252224D7EF4D000AA12F /* Assets.xcassets */,
				6CE9252424D7EF4D000AA12F /* LaunchScreen.storyboard */,
				6CE9252724D7EF4D000AA12F /* Info.plist */,
				6CE9252824D7EF4D000AA12F /* main.m */,
				6C7BA8CB24D7FFF20054B971 /* XPYReader.pch */,
			);
			path = XPYReader;
			sourceTree = "<group>";
		};
		6CE9252F24D7F4F0000AA12F /* ViewController */ = {
			isa = PBXGroup;
			children = (
				6CE9253824D7F561000AA12F /* Base */,
				6CE9253324D7F52E000AA12F /* BookStack */,
				6CE9253424D7F540000AA12F /* BookStore */,
				6C03F0C824D93B910070328E /* Read */,
				6C91FAE324E630D700D7D2B2 /* Mine */,
				6C91FAEF24E63ECD00D7D2B2 /* Login */,
			);
			path = ViewController;
			sourceTree = "<group>";
		};
		6CE9253324D7F52E000AA12F /* BookStack */ = {
			isa = PBXGroup;
			children = (
				6CE9253024D7F52A000AA12F /* XPYBookStackViewController.h */,
				6CE9253124D7F52A000AA12F /* XPYBookStackViewController.m */,
			);
			path = BookStack;
			sourceTree = "<group>";
		};
		6CE9253424D7F540000AA12F /* BookStore */ = {
			isa = PBXGroup;
			children = (
				6CE9253524D7F55E000AA12F /* XPYBookStoreViewController.h */,
				6CE9253624D7F55E000AA12F /* XPYBookStoreViewController.m */,
				6C03F0FF24E2787B0070328E /* XPYBookDetailsViewController.h */,
				6C03F10024E2787B0070328E /* XPYBookDetailsViewController.m */,
			);
			path = BookStore;
			sourceTree = "<group>";
		};
		6CE9253824D7F561000AA12F /* Base */ = {
			isa = PBXGroup;
			children = (
				6CE9253C24D7F587000AA12F /* XPYTabBarController.h */,
				6CE9253D24D7F587000AA12F /* XPYTabBarController.m */,
				6C03F0D924DAB12F0070328E /* XPYNavigationController.h */,
				6C03F0DA24DAB12F0070328E /* XPYNavigationController.m */,
				6C91FAE024E5237A00D7D2B2 /* XPYBaseViewController.h */,
				6C91FAE124E5237A00D7D2B2 /* XPYBaseViewController.m */,
			);
			path = Base;
			sourceTree = "<group>";
		};
		6CE9253F24D7F8B2000AA12F /* Model */ = {
			isa = PBXGroup;
			children = (
				6CE9254424D7F8ED000AA12F /* Base */,
				6C7BA8CC24D80B630054B971 /* Book */,
				6C03F0E324DBAB040070328E /* Chapter */,
				6C91FAE724E6332000D7D2B2 /* User */,
			);
			path = Model;
			sourceTree = "<group>";
		};
		6CE9254024D7F8C5000AA12F /* View */ = {
			isa = PBXGroup;
			children = (
				6C7BA8D324D80FBD0054B971 /* BookStack */,
				6C03F0F524E23D4F0070328E /* BookStore */,
				6C03F0DF24DB9EB50070328E /* Read */,
			);
			path = View;
			sourceTree = "<group>";
		};
		6CE9254424D7F8ED000AA12F /* Base */ = {
			isa = PBXGroup;
			children = (
				6C7BA8B824D7FB9E0054B971 /* XPYBaseModel.h */,
				6C7BA8B924D7FB9E0054B971 /* XPYBaseModel.m */,
			);
			path = Base;
			sourceTree = "<group>";
		};
		BE952BC9EECA4B3C8DB7E38D /* Pods */ = {
			isa = PBXGroup;
			children = (
				D2E91969A5F7A56BB0CACD2F /* Pods-XPYReader.debug.xcconfig */,
				32E8E58213F1C70C64AC51C9 /* Pods-XPYReader.release.xcconfig */,
			);
			path = Pods;
			sourceTree = "<group>";
		};
		F388D6DD322073587548FD5F /* Frameworks */ = {
			isa = PBXGroup;
			children = (
				B9286C8D3744A6AE8C3108E1 /* libPods-XPYReader.a */,
			);
			name = Frameworks;
			sourceTree = "<group>";
		};
/* End PBXGroup section */

/* Begin PBXNativeTarget section */
		6CE9251224D7EF4A000AA12F /* XPYReader */ = {
			isa = PBXNativeTarget;
			buildConfigurationList = 6CE9252C24D7EF4D000AA12F /* Build configuration list for PBXNativeTarget "XPYReader" */;
			buildPhases = (
				9ECC8CBFA7134F89C94CDE74 /* [CP] Check Pods Manifest.lock */,
				6CE9250F24D7EF4A000AA12F /* Sources */,
				6CE9251024D7EF4A000AA12F /* Frameworks */,
				6CE9251124D7EF4A000AA12F /* Resources */,
			);
			buildRules = (
			);
			dependencies = (
			);
			name = XPYReader;
			productName = XPYReader;
			productReference = 6CE9251324D7EF4A000AA12F /* XPYReader.app */;
			productType = "com.apple.product-type.application";
		};
/* End PBXNativeTarget section */

/* Begin PBXProject section */
		6CE9250B24D7EF4A000AA12F /* Project object */ = {
			isa = PBXProject;
			attributes = {
				LastUpgradeCheck = 1160;
				ORGANIZATIONNAME = xiang;
				TargetAttributes = {
					6CE9251224D7EF4A000AA12F = {
						CreatedOnToolsVersion = 11.6;
					};
				};
			};
			buildConfigurationList = 6CE9250E24D7EF4A000AA12F /* Build configuration list for PBXProject "XPYReader" */;
			compatibilityVersion = "Xcode 9.3";
			developmentRegion = en;
			hasScannedForEncodings = 0;
			knownRegions = (
				en,
				Base,
			);
			mainGroup = 6CE9250A24D7EF4A000AA12F;
			productRefGroup = 6CE9251424D7EF4A000AA12F /* Products */;
			projectDirPath = "";
			projectRoot = "";
			targets = (
				6CE9251224D7EF4A000AA12F /* XPYReader */,
			);
		};
/* End PBXProject section */

/* Begin PBXResourcesBuildPhase section */
		6CE9251124D7EF4A000AA12F /* Resources */ = {
			isa = PBXResourcesBuildPhase;
			buildActionMask = 2147483647;
			files = (
				6CE9252624D7EF4D000AA12F /* LaunchScreen.storyboard in Resources */,
				6CE9252324D7EF4D000AA12F /* Assets.xcassets in Resources */,
			);
			runOnlyForDeploymentPostprocessing = 0;
		};
/* End PBXResourcesBuildPhase section */

/* Begin PBXShellScriptBuildPhase section */
		9ECC8CBFA7134F89C94CDE74 /* [CP] Check Pods Manifest.lock */ = {
			isa = PBXShellScriptBuildPhase;
			buildActionMask = 2147483647;
			files = (
			);
			inputFileListPaths = (
			);
			inputPaths = (
				"${PODS_PODFILE_DIR_PATH}/Podfile.lock",
				"${PODS_ROOT}/Manifest.lock",
			);
			name = "[CP] Check Pods Manifest.lock";
			outputFileListPaths = (
			);
			outputPaths = (
				"$(DERIVED_FILE_DIR)/Pods-XPYReader-checkManifestLockResult.txt",
			);
			runOnlyForDeploymentPostprocessing = 0;
			shellPath = /bin/sh;
			shellScript = "diff \"${PODS_PODFILE_DIR_PATH}/Podfile.lock\" \"${PODS_ROOT}/Manifest.lock\" > /dev/null\nif [ $? != 0 ] ; then\n    # print error to STDERR\n    echo \"error: The sandbox is not in sync with the Podfile.lock. Run 'pod install' or update your CocoaPods installation.\" >&2\n    exit 1\nfi\n# This output is used by Xcode 'outputs' to avoid re-running this script phase.\necho \"SUCCESS\" > \"${SCRIPT_OUTPUT_FILE_0}\"\n";
			showEnvVarsInLog = 0;
		};
/* End PBXShellScriptBuildPhase section */

/* Begin PBXSourcesBuildPhase section */
		6CE9250F24D7EF4A000AA12F /* Sources */ = {
			isa = PBXSourcesBuildPhase;
			buildActionMask = 2147483647;
			files = (
				6C91FAF224E65DE400D7D2B2 /* XPYLoginViewController.m in Sources */,
				6C03F0DB24DAB12F0070328E /* XPYNavigationController.m in Sources */,
				6C7BA8BA24D7FB9E0054B971 /* XPYBaseModel.m in Sources */,
				6C03F0F024DCF3C00070328E /* XPYConstant.m in Sources */,
				6CE9251824D7EF4A000AA12F /* AppDelegate.m in Sources */,
				6C03F0FB24E241940070328E /* XPYReadRecordManager.mm in Sources */,
				6C03F10724E3844C0070328E /* XPYChapterHelper.m in Sources */,
				6C7BA8C324D7FEB40054B971 /* XPYNetworkService.m in Sources */,
				6C7BA8DF24D9050F0054B971 /* MBProgressHUD+XPYExtension.m in Sources */,
				6CE9252924D7EF4D000AA12F /* main.m in Sources */,
				6C03F0DE24DB9B5C0070328E /* XPYReadViewController.m in Sources */,
				6C03F0ED24DCF0AD0070328E /* XPYReadConfigManager.m in Sources */,
				6C91FAFD24E77E2100D7D2B2 /* XPYAlertController.m in Sources */,
				6C03F0D124D950310070328E /* XPYChapterModel.mm in Sources */,
				6C03F0E624DBAB2A0070328E /* XPYNetworkService+Chapter.m in Sources */,
				6C91FAEA24E6333600D7D2B2 /* XPYUserModel.m in Sources */,
				6C91FAE624E6319500D7D2B2 /* XPYMineViewController.m in Sources */,
				6C03F0EA24DCED5D0070328E /* XPYReadParser.m in Sources */,
				6CCDDC8E24EBC4DA00612B7B /* XPYScrollReadTableViewCell.m in Sources */,
				6C7BA8C824D7FF8C0054B971 /* XPYUtilities.m in Sources */,
				6C91FADF24E4E90600D7D2B2 /* XPYReadMenuTopBar.m in Sources */,
				6C91FAEE24E6376100D7D2B2 /* XPYUserManager.m in Sources */,
				6C91FAFC24E77E2100D7D2B2 /* XPYAlertManager.m in Sources */,
				6C03F10124E2787B0070328E /* XPYBookDetailsViewController.m in Sources */,
				6C03F0F824E23D7E0070328E /* XPYBookStoreCell.m in Sources */,
				6C03F0CE24D94C5D0070328E /* XPYDatabaseManager.mm in Sources */,
				6CCDDC8424EB766E00612B7B /* XPYScrollReadViewController.m in Sources */,
				6C91FB0124E77F3000D7D2B2 /* XPYViewControllerHelper.m in Sources */,
				6C03F0FE24E249C30070328E /* XPYChapterDataManager.mm in Sources */,
				6C7BA8D624D80FDB0054B971 /* XPYBookStackCollectionViewCell.m in Sources */,
				6CCDDC8B24EBA94100612B7B /* XPYChapterPageModel.m in Sources */,
				6C91FADC24E4E2DB00D7D2B2 /* XPYReadMenu.m in Sources */,
				6C91FAE224E5237A00D7D2B2 /* XPYBaseViewController.m in Sources */,
				6C03F0F424E0D8560070328E /* NSString+blowFish.m in Sources */,
				6CE9253224D7F52A000AA12F /* XPYBookStackViewController.m in Sources */,
				6C7BA8D224D80E310054B971 /* XPYBookModel.mm in Sources */,
				6C03F10424E3834C0070328E /* XPYReadHelper.m in Sources */,
				6C03F0CB24D93BD90070328E /* XPYReaderManagerController.m in Sources */,
				6CE9253E24D7F587000AA12F /* XPYTabBarController.m in Sources */,
				6C7BA8DA24D8FAD40054B971 /* XPYNetworkService+Book.m in Sources */,
				6C03F0E224DB9F2A0070328E /* XPYReadView.m in Sources */,
				6CCDDC9424ED03A200612B7B /* XPYReadMenuBottomBar.m in Sources */,
				6CCDDC9124EBD28100612B7B /* XPYPageReadViewController.m in Sources */,
				6C7BA8C024D7FEAC0054B971 /* XPYNetworkManager.m in Sources */,
				6CE9253724D7F55E000AA12F /* XPYBookStoreViewController.m in Sources */,
				6C91FAF524E65DFA00D7D2B2 /* XPYNetworkService+User.m in Sources */,
			);
			runOnlyForDeploymentPostprocessing = 0;
		};
/* End PBXSourcesBuildPhase section */

/* Begin PBXVariantGroup section */
		6CE9252424D7EF4D000AA12F /* LaunchScreen.storyboard */ = {
			isa = PBXVariantGroup;
			children = (
				6CE9252524D7EF4D000AA12F /* Base */,
			);
			name = LaunchScreen.storyboard;
			sourceTree = "<group>";
		};
/* End PBXVariantGroup section */

/* Begin XCBuildConfiguration section */
		6CE9252A24D7EF4D000AA12F /* Debug */ = {
			isa = XCBuildConfiguration;
			buildSettings = {
				ALWAYS_SEARCH_USER_PATHS = NO;
				CLANG_ANALYZER_NONNULL = YES;
				CLANG_ANALYZER_NUMBER_OBJECT_CONVERSION = YES_AGGRESSIVE;
				CLANG_CXX_LANGUAGE_STANDARD = "gnu++14";
				CLANG_CXX_LIBRARY = "libc++";
				CLANG_ENABLE_MODULES = YES;
				CLANG_ENABLE_OBJC_ARC = YES;
				CLANG_ENABLE_OBJC_WEAK = YES;
				CLANG_WARN_BLOCK_CAPTURE_AUTORELEASING = YES;
				CLANG_WARN_BOOL_CONVERSION = YES;
				CLANG_WARN_COMMA = YES;
				CLANG_WARN_CONSTANT_CONVERSION = YES;
				CLANG_WARN_DEPRECATED_OBJC_IMPLEMENTATIONS = YES;
				CLANG_WARN_DIRECT_OBJC_ISA_USAGE = YES_ERROR;
				CLANG_WARN_DOCUMENTATION_COMMENTS = YES;
				CLANG_WARN_EMPTY_BODY = YES;
				CLANG_WARN_ENUM_CONVERSION = YES;
				CLANG_WARN_INFINITE_RECURSION = YES;
				CLANG_WARN_INT_CONVERSION = YES;
				CLANG_WARN_NON_LITERAL_NULL_CONVERSION = YES;
				CLANG_WARN_OBJC_IMPLICIT_RETAIN_SELF = YES;
				CLANG_WARN_OBJC_LITERAL_CONVERSION = YES;
				CLANG_WARN_OBJC_ROOT_CLASS = YES_ERROR;
				CLANG_WARN_RANGE_LOOP_ANALYSIS = YES;
				CLANG_WARN_STRICT_PROTOTYPES = YES;
				CLANG_WARN_SUSPICIOUS_MOVE = YES;
				CLANG_WARN_UNGUARDED_AVAILABILITY = YES_AGGRESSIVE;
				CLANG_WARN_UNREACHABLE_CODE = YES;
				CLANG_WARN__DUPLICATE_METHOD_MATCH = YES;
				COPY_PHASE_STRIP = NO;
				DEBUG_INFORMATION_FORMAT = dwarf;
				ENABLE_STRICT_OBJC_MSGSEND = YES;
				ENABLE_TESTABILITY = YES;
				GCC_C_LANGUAGE_STANDARD = gnu11;
				GCC_DYNAMIC_NO_PIC = NO;
				GCC_NO_COMMON_BLOCKS = YES;
				GCC_OPTIMIZATION_LEVEL = 0;
				GCC_PREPROCESSOR_DEFINITIONS = (
					"DEBUG=1",
					"$(inherited)",
				);
				GCC_WARN_64_TO_32_BIT_CONVERSION = YES;
				GCC_WARN_ABOUT_RETURN_TYPE = YES_ERROR;
				GCC_WARN_UNDECLARED_SELECTOR = YES;
				GCC_WARN_UNINITIALIZED_AUTOS = YES_AGGRESSIVE;
				GCC_WARN_UNUSED_FUNCTION = YES;
				GCC_WARN_UNUSED_VARIABLE = YES;
				IPHONEOS_DEPLOYMENT_TARGET = 13.6;
				MTL_ENABLE_DEBUG_INFO = INCLUDE_SOURCE;
				MTL_FAST_MATH = YES;
				ONLY_ACTIVE_ARCH = YES;
				SDKROOT = iphoneos;
			};
			name = Debug;
		};
		6CE9252B24D7EF4D000AA12F /* Release */ = {
			isa = XCBuildConfiguration;
			buildSettings = {
				ALWAYS_SEARCH_USER_PATHS = NO;
				CLANG_ANALYZER_NONNULL = YES;
				CLANG_ANALYZER_NUMBER_OBJECT_CONVERSION = YES_AGGRESSIVE;
				CLANG_CXX_LANGUAGE_STANDARD = "gnu++14";
				CLANG_CXX_LIBRARY = "libc++";
				CLANG_ENABLE_MODULES = YES;
				CLANG_ENABLE_OBJC_ARC = YES;
				CLANG_ENABLE_OBJC_WEAK = YES;
				CLANG_WARN_BLOCK_CAPTURE_AUTORELEASING = YES;
				CLANG_WARN_BOOL_CONVERSION = YES;
				CLANG_WARN_COMMA = YES;
				CLANG_WARN_CONSTANT_CONVERSION = YES;
				CLANG_WARN_DEPRECATED_OBJC_IMPLEMENTATIONS = YES;
				CLANG_WARN_DIRECT_OBJC_ISA_USAGE = YES_ERROR;
				CLANG_WARN_DOCUMENTATION_COMMENTS = YES;
				CLANG_WARN_EMPTY_BODY = YES;
				CLANG_WARN_ENUM_CONVERSION = YES;
				CLANG_WARN_INFINITE_RECURSION = YES;
				CLANG_WARN_INT_CONVERSION = YES;
				CLANG_WARN_NON_LITERAL_NULL_CONVERSION = YES;
				CLANG_WARN_OBJC_IMPLICIT_RETAIN_SELF = YES;
				CLANG_WARN_OBJC_LITERAL_CONVERSION = YES;
				CLANG_WARN_OBJC_ROOT_CLASS = YES_ERROR;
				CLANG_WARN_RANGE_LOOP_ANALYSIS = YES;
				CLANG_WARN_STRICT_PROTOTYPES = YES;
				CLANG_WARN_SUSPICIOUS_MOVE = YES;
				CLANG_WARN_UNGUARDED_AVAILABILITY = YES_AGGRESSIVE;
				CLANG_WARN_UNREACHABLE_CODE = YES;
				CLANG_WARN__DUPLICATE_METHOD_MATCH = YES;
				COPY_PHASE_STRIP = NO;
				DEBUG_INFORMATION_FORMAT = "dwarf-with-dsym";
				ENABLE_NS_ASSERTIONS = NO;
				ENABLE_STRICT_OBJC_MSGSEND = YES;
				GCC_C_LANGUAGE_STANDARD = gnu11;
				GCC_NO_COMMON_BLOCKS = YES;
				GCC_WARN_64_TO_32_BIT_CONVERSION = YES;
				GCC_WARN_ABOUT_RETURN_TYPE = YES_ERROR;
				GCC_WARN_UNDECLARED_SELECTOR = YES;
				GCC_WARN_UNINITIALIZED_AUTOS = YES_AGGRESSIVE;
				GCC_WARN_UNUSED_FUNCTION = YES;
				GCC_WARN_UNUSED_VARIABLE = YES;
				IPHONEOS_DEPLOYMENT_TARGET = 13.6;
				MTL_ENABLE_DEBUG_INFO = NO;
				MTL_FAST_MATH = YES;
				SDKROOT = iphoneos;
				VALIDATE_PRODUCT = YES;
			};
			name = Release;
		};
		6CE9252D24D7EF4D000AA12F /* Debug */ = {
			isa = XCBuildConfiguration;
			baseConfigurationReference = D2E91969A5F7A56BB0CACD2F /* Pods-XPYReader.debug.xcconfig */;
			buildSettings = {
				ASSETCATALOG_COMPILER_APPICON_NAME = AppIcon;
				CODE_SIGN_STYLE = Automatic;
				DEVELOPMENT_TEAM = RLWJB4A9U9;
				GCC_PREFIX_HEADER = "$(SRCROOT)/XPYReader/XPYReader.pch";
				INFOPLIST_FILE = XPYReader/Info.plist;
				IPHONEOS_DEPLOYMENT_TARGET = 11.0;
				LD_RUNPATH_SEARCH_PATHS = (
					"$(inherited)",
					"@executable_path/Frameworks",
				);
				PRODUCT_BUNDLE_IDENTIFIER = learning.XPYReader;
				PRODUCT_NAME = "$(TARGET_NAME)";
				TARGETED_DEVICE_FAMILY = "1,2";
			};
			name = Debug;
		};
		6CE9252E24D7EF4D000AA12F /* Release */ = {
			isa = XCBuildConfiguration;
			baseConfigurationReference = 32E8E58213F1C70C64AC51C9 /* Pods-XPYReader.release.xcconfig */;
			buildSettings = {
				ASSETCATALOG_COMPILER_APPICON_NAME = AppIcon;
				CODE_SIGN_STYLE = Automatic;
				DEVELOPMENT_TEAM = RLWJB4A9U9;
				GCC_PREFIX_HEADER = "$(SRCROOT)/XPYReader/XPYReader.pch";
				INFOPLIST_FILE = XPYReader/Info.plist;
				IPHONEOS_DEPLOYMENT_TARGET = 11.0;
				LD_RUNPATH_SEARCH_PATHS = (
					"$(inherited)",
					"@executable_path/Frameworks",
				);
				PRODUCT_BUNDLE_IDENTIFIER = learning.XPYReader;
				PRODUCT_NAME = "$(TARGET_NAME)";
				TARGETED_DEVICE_FAMILY = "1,2";
			};
			name = Release;
		};
/* End XCBuildConfiguration section */

/* Begin XCConfigurationList section */
		6CE9250E24D7EF4A000AA12F /* Build configuration list for PBXProject "XPYReader" */ = {
			isa = XCConfigurationList;
			buildConfigurations = (
				6CE9252A24D7EF4D000AA12F /* Debug */,
				6CE9252B24D7EF4D000AA12F /* Release */,
			);
			defaultConfigurationIsVisible = 0;
			defaultConfigurationName = Release;
		};
		6CE9252C24D7EF4D000AA12F /* Build configuration list for PBXNativeTarget "XPYReader" */ = {
			isa = XCConfigurationList;
			buildConfigurations = (
				6CE9252D24D7EF4D000AA12F /* Debug */,
				6CE9252E24D7EF4D000AA12F /* Release */,
			);
			defaultConfigurationIsVisible = 0;
			defaultConfigurationName = Release;
		};
/* End XCConfigurationList section */
	};
	rootObject = 6CE9250B24D7EF4A000AA12F /* Project object */;
}
